
Microsoft Visual Studio Solution File, Format Version 12.00
# Visual Studio Version 16
VisualStudioVersion = 16.0.32228.343
MinimumVisualStudioVersion = 10.0.40219.1
Project("{9A19103F-16F7-4668-BE54-9A1E7A4F7556}") = "BolaBet.Domain", "BolaBet.Domain\BolaBet.Domain.csproj", "{3E9E76A3-3027-4E26-B187-0DB77EF3EEB1}"
EndProject
Project("{9A19103F-16F7-4668-BE54-9A1E7A4F7556}") = "BolaBet.WebUI", "BolaBet.WebUI\BolaBet.WebUI.csproj", "{030A05FB-0B0E-48C1-A93B-ED1899E6264C}"
EndProject
Project("{9A19103F-16F7-4668-BE54-9A1E7A4F7556}") = "BolaBet.Domain.Tests", "BolaBet.Domain.Tests\BolaBet.Domain.Tests.csproj", "{6DBDBBAA-C01D-406F-8FE1-11F134CF7C77}"
EndProject
Project("{9A19103F-16F7-4668-BE54-9A1E7A4F7556}") = "BolaBet.Infra.Data", "BolaBet.Infra.Data\BolaBet.Infra.Data.csproj", "{3E25A07F-6FCB-40F2-8621-76C9E941F0CD}"
EndProject
Project("{9A19103F-16F7-4668-BE54-9A1E7A4F7556}") = "BolaBet.Infra.IoC", "BolaBet.Infra.IoC\BolaBet.Infra.IoC.csproj", "{8F3330DB-854A-4050-8C78-7B52C3F133A0}"
EndProject
Project("{9A19103F-16F7-4668-BE54-9A1E7A4F7556}") = "BolaBet.Application", "BolaBet.Application\BolaBet.Application.csproj", "{7FE355FE-8133-4085-9433-7E387A560F02}"
EndProject
Global
	GlobalSection(SolutionConfigurationPlatforms) = preSolution
		Debug|Any CPU = Debug|Any CPU
		Release|Any CPU = Release|Any CPU
	EndGlobalSection
	GlobalSection(ProjectConfigurationPlatforms) = postSolution
		{3E9E76A3-3027-4E26-B187-0DB77EF3EEB1}.Debug|Any CPU.ActiveCfg = Debug|Any CPU
		{3E9E76A3-3027-4E26-B187-0DB77EF3EEB1}.Debug|Any CPU.Build.0 = Debug|Any CPU
		{3E9E76A3-3027-4E26-B187-0DB77EF3EEB1}.Release|Any CPU.ActiveCfg = Release|Any CPU
		{3E9E76A3-3027-4E26-B187-0DB77EF3EEB1}.Release|Any CPU.Build.0 = Release|Any CPU
		{030A05FB-0B0E-48C1-A93B-ED1899E6264C}.Debug|Any CPU.ActiveCfg = Debug|Any CPU
		{030A05FB-0B0E-48C1-A93B-ED1899E6264C}.Debug|Any CPU.Build.0 = Debug|Any CPU
		{030A05FB-0B0E-48C1-A93B-ED1899E6264C}.Release|Any CPU.ActiveCfg = Release|Any CPU
		{030A05FB-0B0E-48C1-A93B-ED1899E6264C}.Release|Any CPU.Build.0 = Release|Any CPU
		{6DBDBBAA-C01D-406F-8FE1-11F134CF7C77}.Debug|Any CPU.ActiveCfg = Debug|Any CPU
		{6DBDBBAA-C01D-406F-8FE1-11F134CF7C77}.Debug|Any CPU.Build.0 = Debug|Any CPU
		{6DBDBBAA-C01D-406F-8FE1-11F134CF7C77}.Release|Any CPU.ActiveCfg = Release|Any CPU
		{6DBDBBAA-C01D-406F-8FE1-11F134CF7C77}.Release|Any CPU.Build.0 = Release|Any CPU
		{3E25A07F-6FCB-40F2-8621-76C9E941F0CD}.Debug|Any CPU.ActiveCfg = Debug|Any CPU
		{3E25A07F-6FCB-40F2-8621-76C9E941F0CD}.Debug|Any CPU.Build.0 = Debug|Any CPU
		{3E25A07F-6FCB-40F2-8621-76C9E941F0CD}.Release|Any CPU.ActiveCfg = Release|Any CPU
		{3E25A07F-6FCB-40F2-8621-76C9E941F0CD}.Release|Any CPU.Build.0 = Release|Any CPU
		{8F3330DB-854A-4050-8C78-7B52C3F133A0}.Debug|Any CPU.ActiveCfg = Debug|Any CPU
		{8F3330DB-854A-4050-8C78-7B52C3F133A0}.Debug|Any CPU.Build.0 = Debug|Any CPU
		{8F3330DB-854A-4050-8C78-7B52C3F133A0}.Release|Any CPU.ActiveCfg = Release|Any CPU
		{8F3330DB-854A-4050-8C78-7B52C3F133A0}.Release|Any CPU.Build.0 = Release|Any CPU
		{7FE355FE-8133-4085-9433-7E387A560F02}.Debug|Any CPU.ActiveCfg = Debug|Any CPU
		{7FE355FE-8133-4085-9433-7E387A560F02}.Debug|Any CPU.Build.0 = Debug|Any CPU
		{7FE355FE-8133-4085-9433-7E387A560F02}.Release|Any CPU.ActiveCfg = Release|Any CPU
		{7FE355FE-8133-4085-9433-7E387A560F02}.Release|Any CPU.Build.0 = Release|Any CPU
	EndGlobalSection
	GlobalSection(SolutionProperties) = preSolution
		HideSolutionNode = FALSE
	EndGlobalSection
	GlobalSection(ExtensibilityGlobals) = postSolution
		SolutionGuid = {CD8DB40A-747B-44E4-8F1A-6434A390033C}
	EndGlobalSection
EndGlobal
